
Microsoft Visual Studio Solution File, Format Version 12.00
# Visual Studio Version 17
VisualStudioVersion = 17.11.35303.130
MinimumVisualStudioVersion = 10.0.40219.1
Project("{FAE04EC0-301F-11D3-BF4B-00C04F79EFBC}") = "SpaceShoot", "SpaceShoot\SpaceShoot.csproj", "{1390D9F0-4205-473D-964C-C6B283C923FC}"
EndProject
Global
	GlobalSection(SolutionConfigurationPlatforms) = preSolution
		Debug|Any CPU = Debug|Any CPU
		Release|Any CPU = Release|Any CPU
	EndGlobalSection
	GlobalSection(ProjectConfigurationPlatforms) = postSolution
		{1390D9F0-4205-473D-964C-C6B283C923FC}.Debug|Any CPU.ActiveCfg = Debug|Any CPU
		{1390D9F0-4205-473D-964C-C6B283C923FC}.Debug|Any CPU.Build.0 = Debug|Any CPU
		{1390D9F0-4205-473D-964C-C6B283C923FC}.Release|Any CPU.ActiveCfg = Release|Any CPU
		{1390D9F0-4205-473D-964C-C6B283C923FC}.Release|Any CPU.Build.0 = Release|Any CPU
	EndGlobalSection
	GlobalSection(SolutionProperties) = preSolution
		HideSolutionNode = FALSE
	EndGlobalSection
	GlobalSection(ExtensibilityGlobals) = postSolution
		SolutionGuid = {1607C070-F975-4DDD-A1B7-BE038516ACF6}
	EndGlobalSection
EndGlobal
